
Microsoft Visual Studio Solution File, Format Version 12.00
# Visual Studio 15
VisualStudioVersion = 15.0.26403.7
MinimumVisualStudioVersion = 10.0.40219.1
Project("{F2A71F9B-5D33-465A-A702-920D77279786}") = "Chess.Domain", "Chess.Domain\Chess.Domain.fsproj", "{E2F18796-6DA8-45E4-A1A3-0DB4F80E2624}"
EndProject
Project("{FAE04EC0-301F-11D3-BF4B-00C04F79EFBC}") = "Chess.WpfUI", "Chess.WpfUI\Chess.WpfUI.csproj", "{039D0DC3-6D17-4409-8FC8-0BB427AD7DB7}"
EndProject
Global
	GlobalSection(SolutionConfigurationPlatforms) = preSolution
		Debug|Any CPU = Debug|Any CPU
		Release|Any CPU = Release|Any CPU
	EndGlobalSection
	GlobalSection(ProjectConfigurationPlatforms) = postSolution
		{E2F18796-6DA8-45E4-A1A3-0DB4F80E2624}.Debug|Any CPU.ActiveCfg = Debug|Any CPU
		{E2F18796-6DA8-45E4-A1A3-0DB4F80E2624}.Debug|Any CPU.Build.0 = Debug|Any CPU
		{E2F18796-6DA8-45E4-A1A3-0DB4F80E2624}.Release|Any CPU.ActiveCfg = Release|Any CPU
		{E2F18796-6DA8-45E4-A1A3-0DB4F80E2624}.Release|Any CPU.Build.0 = Release|Any CPU
		{039D0DC3-6D17-4409-8FC8-0BB427AD7DB7}.Debug|Any CPU.ActiveCfg = Debug|Any CPU
		{039D0DC3-6D17-4409-8FC8-0BB427AD7DB7}.Debug|Any CPU.Build.0 = Debug|Any CPU
		{039D0DC3-6D17-4409-8FC8-0BB427AD7DB7}.Release|Any CPU.ActiveCfg = Release|Any CPU
		{039D0DC3-6D17-4409-8FC8-0BB427AD7DB7}.Release|Any CPU.Build.0 = Release|Any CPU
	EndGlobalSection
	GlobalSection(SolutionProperties) = preSolution
		HideSolutionNode = FALSE
	EndGlobalSection
EndGlobal
